
Microsoft Visual Studio Solution File, Format Version 12.00
# Visual Studio Version 17
VisualStudioVersion = 17.14.36301.6 d17.14
MinimumVisualStudioVersion = 10.0.40219.1
Project("{FAE04EC0-301F-11D3-BF4B-00C04F79EFBC}") = "mhris.Android", "mhris.Android\mhris.Android.csproj", "{A3815CCA-B42B-43B5-B34C-08AE526311D0}"
EndProject
Project("{FAE04EC0-301F-11D3-BF4B-00C04F79EFBC}") = "mhris.iOS", "mhris.iOS\mhris.iOS.csproj", "{7C889614-BBF7-4FBC-8A76-860F7CC5AA3A}"
EndProject
Project("{FAE04EC0-301F-11D3-BF4B-00C04F79EFBC}") = "mhris", "mhris\mhris.csproj", "{2FF60712-4A7E-47C3-8210-0B434099C23C}"
EndProject
Global
	GlobalSection(SolutionConfigurationPlatforms) = preSolution
		Debug|Any CPU = Debug|Any CPU
		Release|Any CPU = Release|Any CPU
	EndGlobalSection
	GlobalSection(ProjectConfigurationPlatforms) = postSolution
		{A3815CCA-B42B-43B5-B34C-08AE526311D0}.Debug|Any CPU.ActiveCfg = Debug|Any CPU
		{A3815CCA-B42B-43B5-B34C-08AE526311D0}.Debug|Any CPU.Build.0 = Debug|Any CPU
		{A3815CCA-B42B-43B5-B34C-08AE526311D0}.Debug|Any CPU.Deploy.0 = Debug|Any CPU
		{A3815CCA-B42B-43B5-B34C-08AE526311D0}.Release|Any CPU.ActiveCfg = Release|Any CPU
		{A3815CCA-B42B-43B5-B34C-08AE526311D0}.Release|Any CPU.Build.0 = Release|Any CPU
		{A3815CCA-B42B-43B5-B34C-08AE526311D0}.Release|Any CPU.Deploy.0 = Release|Any CPU
		{7C889614-BBF7-4FBC-8A76-860F7CC5AA3A}.Debug|Any CPU.ActiveCfg = Debug|iPhone
		{7C889614-BBF7-4FBC-8A76-860F7CC5AA3A}.Debug|Any CPU.Build.0 = Debug|iPhone
		{7C889614-BBF7-4FBC-8A76-860F7CC5AA3A}.Debug|Any CPU.Deploy.0 = Debug|iPhone
		{7C889614-BBF7-4FBC-8A76-860F7CC5AA3A}.Release|Any CPU.ActiveCfg = Release|iPhoneSimulator
		{7C889614-BBF7-4FBC-8A76-860F7CC5AA3A}.Release|Any CPU.Build.0 = Release|iPhoneSimulator
		{7C889614-BBF7-4FBC-8A76-860F7CC5AA3A}.Release|Any CPU.Deploy.0 = Release|iPhoneSimulator
		{2FF60712-4A7E-47C3-8210-0B434099C23C}.Debug|Any CPU.ActiveCfg = Debug|Any CPU
		{2FF60712-4A7E-47C3-8210-0B434099C23C}.Debug|Any CPU.Build.0 = Debug|Any CPU
		{2FF60712-4A7E-47C3-8210-0B434099C23C}.Debug|Any CPU.Deploy.0 = Debug|Any CPU
		{2FF60712-4A7E-47C3-8210-0B434099C23C}.Release|Any CPU.ActiveCfg = Release|Any CPU
		{2FF60712-4A7E-47C3-8210-0B434099C23C}.Release|Any CPU.Build.0 = Release|Any CPU
		{2FF60712-4A7E-47C3-8210-0B434099C23C}.Release|Any CPU.Deploy.0 = Release|Any CPU
	EndGlobalSection
	GlobalSection(SolutionProperties) = preSolution
		HideSolutionNode = FALSE
	EndGlobalSection
	GlobalSection(ExtensibilityGlobals) = postSolution
		SolutionGuid = {DE8D0BAE-2E46-4229-8AB1-78BE7BEAA14A}
	EndGlobalSection
EndGlobal
